// !$*UTF8*$!
{
	archiveVersion = 1;
	classes = {
	};
	objectVersion = 56;
	objects = {

/* Begin PBXBuildFile section */
		D413544E2AFEC10900FD0A01 /* ColliderTypes.swift in Sources */ = {isa = PBXBuildFile; fileRef = D413544D2AFEC10900FD0A01 /* ColliderTypes.swift */; };
		D41354502AFEC2A000FD0A01 /* PauseView.swift in Sources */ = {isa = PBXBuildFile; fileRef = D413544F2AFEC2A000FD0A01 /* PauseView.swift */; };
		D41BC70A2AFC13DD00263E83 /* ArchiveView.swift in Sources */ = {isa = PBXBuildFile; fileRef = D41BC7092AFC13DD00263E83 /* ArchiveView.swift */; };
		D41BC70C2AFC142800263E83 /* CreditView.swift in Sources */ = {isa = PBXBuildFile; fileRef = D41BC70B2AFC142800263E83 /* CreditView.swift */; };
		D41BC70F2AFC152D00263E83 /* UIView+FindViewController.swift in Sources */ = {isa = PBXBuildFile; fileRef = D41BC70E2AFC152D00263E83 /* UIView+FindViewController.swift */; };
		D41BC7132AFC1A2C00263E83 /* MenuViewModel.swift in Sources */ = {isa = PBXBuildFile; fileRef = D41BC7122AFC1A2C00263E83 /* MenuViewModel.swift */; };
		D41BC7152AFC1A5400263E83 /* CreditViewController.swift in Sources */ = {isa = PBXBuildFile; fileRef = D41BC7142AFC1A5400263E83 /* CreditViewController.swift */; };
		D41BC7172AFC1A6B00263E83 /* ArchiveViewController.swift in Sources */ = {isa = PBXBuildFile; fileRef = D41BC7162AFC1A6B00263E83 /* ArchiveViewController.swift */; };
		D41BC71B2AFC219800263E83 /* GameViewController.swift in Sources */ = {isa = PBXBuildFile; fileRef = D41BC71A2AFC219800263E83 /* GameViewController.swift */; };
		D41BC7222AFD5F8100263E83 /* GameScene.swift in Sources */ = {isa = PBXBuildFile; fileRef = D41BC7212AFD5F8100263E83 /* GameScene.swift */; };
		D41BC7242AFD6B4500263E83 /* Game.swift in Sources */ = {isa = PBXBuildFile; fileRef = D41BC7232AFD6B4500263E83 /* Game.swift */; };
		D41BC7262AFD6E0F00263E83 /* GameViewModel.swift in Sources */ = {isa = PBXBuildFile; fileRef = D41BC7252AFD6E0F00263E83 /* GameViewModel.swift */; };
		D41BC72C2AFD6EAB00263E83 /* Skin.swift in Sources */ = {isa = PBXBuildFile; fileRef = D41BC72B2AFD6EAB00263E83 /* Skin.swift */; };
		D41BC7312AFE865700263E83 /* ContactDelegate.swift in Sources */ = {isa = PBXBuildFile; fileRef = D41BC7302AFE865700263E83 /* ContactDelegate.swift */; };
		D466F6DD2AF92C99004AC986 /* AppDelegate.swift in Sources */ = {isa = PBXBuildFile; fileRef = D466F6DC2AF92C99004AC986 /* AppDelegate.swift */; };
		D466F6DF2AF92C99004AC986 /* SceneDelegate.swift in Sources */ = {isa = PBXBuildFile; fileRef = D466F6DE2AF92C99004AC986 /* SceneDelegate.swift */; };
		D466F6E92AF92C9A004AC986 /* Assets.xcassets in Resources */ = {isa = PBXBuildFile; fileRef = D466F6E82AF92C9A004AC986 /* Assets.xcassets */; };
		D466F6F72AF92C9A004AC986 /* Yokai_RunTests.swift in Sources */ = {isa = PBXBuildFile; fileRef = D466F6F62AF92C9A004AC986 /* Yokai_RunTests.swift */; };
		D466F7012AF92C9A004AC986 /* Yokai_RunUITests.swift in Sources */ = {isa = PBXBuildFile; fileRef = D466F7002AF92C9A004AC986 /* Yokai_RunUITests.swift */; };
		D466F7032AF92C9A004AC986 /* Yokai_RunUITestsLaunchTests.swift in Sources */ = {isa = PBXBuildFile; fileRef = D466F7022AF92C9A004AC986 /* Yokai_RunUITestsLaunchTests.swift */; };
		D466F7122AFA9685004AC986 /* MenuView.swift in Sources */ = {isa = PBXBuildFile; fileRef = D466F7112AFA9685004AC986 /* MenuView.swift */; };
		D466F7152AFA9819004AC986 /* MenuViewController.swift in Sources */ = {isa = PBXBuildFile; fileRef = D466F7142AFA9819004AC986 /* MenuViewController.swift */; };
		D466F71B2AFAABC5004AC986 /* ButtonType.swift in Sources */ = {isa = PBXBuildFile; fileRef = D466F71A2AFAABC5004AC986 /* ButtonType.swift */; };
		D466F71D2AFAAF61004AC986 /* MainButtonComponent.swift in Sources */ = {isa = PBXBuildFile; fileRef = D466F71C2AFAAF61004AC986 /* MainButtonComponent.swift */; };
		D467972B2B0D2B6F00BAD8C4 /* GameComponentPlacement.swift in Sources */ = {isa = PBXBuildFile; fileRef = D467972A2B0D2B6F00BAD8C4 /* GameComponentPlacement.swift */; };
		D467972D2B0D2C5F00BAD8C4 /* GameScene+Collectibles.swift in Sources */ = {isa = PBXBuildFile; fileRef = D467972C2B0D2C5F00BAD8C4 /* GameScene+Collectibles.swift */; };
		D467973D2B0D3DEF00BAD8C4 /* UserDefaultsManager.swift in Sources */ = {isa = PBXBuildFile; fileRef = D467973C2B0D3DEF00BAD8C4 /* UserDefaultsManager.swift */; };
		D4745F762B0EA13D00A2FB5C /* LockedSkinView.swift in Sources */ = {isa = PBXBuildFile; fileRef = D4745F752B0EA13D00A2FB5C /* LockedSkinView.swift */; };
		D4745F782B0EA22D00A2FB5C /* NavigationManager.swift in Sources */ = {isa = PBXBuildFile; fileRef = D4745F772B0EA22D00A2FB5C /* NavigationManager.swift */; };
		D4FEF82F2B0250AC007F95B2 /* Neo-Tech.otf in Resources */ = {isa = PBXBuildFile; fileRef = D4FEF82E2B0250AC007F95B2 /* Neo-Tech.otf */; };
		D4FEF8312B02515D007F95B2 /* MinimalButtonComponent.swift in Sources */ = {isa = PBXBuildFile; fileRef = D4FEF8302B02515D007F95B2 /* MinimalButtonComponent.swift */; };
		D4FEF8332B02989D007F95B2 /* GameScene+Touches.swift in Sources */ = {isa = PBXBuildFile; fileRef = D4FEF8322B02989D007F95B2 /* GameScene+Touches.swift */; };
		D4FEF8352B029962007F95B2 /* GameScene+Hero.swift in Sources */ = {isa = PBXBuildFile; fileRef = D4FEF8342B029962007F95B2 /* GameScene+Hero.swift */; };
		D4FEF8372B029993007F95B2 /* GameScene+Grounds.swift in Sources */ = {isa = PBXBuildFile; fileRef = D4FEF8362B029993007F95B2 /* GameScene+Grounds.swift */; };
		D4FEF8392B029A91007F95B2 /* GameScene+GUI.swift in Sources */ = {isa = PBXBuildFile; fileRef = D4FEF8382B029A91007F95B2 /* GameScene+GUI.swift */; };
		D4FEF83A2B02A772007F95B2 /* Neo-Tech.otf in Resources */ = {isa = PBXBuildFile; fileRef = D4FEF82E2B0250AC007F95B2 /* Neo-Tech.otf */; };
		D4FEF83B2B02A773007F95B2 /* Neo-Tech.otf in Resources */ = {isa = PBXBuildFile; fileRef = D4FEF82E2B0250AC007F95B2 /* Neo-Tech.otf */; };
		D4FEF83D2B03E5E4007F95B2 /* CycleDelegate.swift in Sources */ = {isa = PBXBuildFile; fileRef = D4FEF83C2B03E5E4007F95B2 /* CycleDelegate.swift */; };
		D4FEF83F2B03E828007F95B2 /* GameScene+Obstacles.swift in Sources */ = {isa = PBXBuildFile; fileRef = D4FEF83E2B03E828007F95B2 /* GameScene+Obstacles.swift */; };
		D4FEF8452B065EAF007F95B2 /* GameOverScene.swift in Sources */ = {isa = PBXBuildFile; fileRef = D4FEF8442B065EAF007F95B2 /* GameOverScene.swift */; };
		D4FEF8472B06837A007F95B2 /* GameScene+Platforms.swift in Sources */ = {isa = PBXBuildFile; fileRef = D4FEF8462B06837A007F95B2 /* GameScene+Platforms.swift */; };
/* End PBXBuildFile section */

/* Begin PBXContainerItemProxy section */
		D466F6F32AF92C9A004AC986 /* PBXContainerItemProxy */ = {
			isa = PBXContainerItemProxy;
			containerPortal = D466F6D12AF92C98004AC986 /* Project object */;
			proxyType = 1;
			remoteGlobalIDString = D466F6D82AF92C98004AC986;
			remoteInfo = "Yokai Run";
		};
		D466F6FD2AF92C9A004AC986 /* PBXContainerItemProxy */ = {
			isa = PBXContainerItemProxy;
			containerPortal = D466F6D12AF92C98004AC986 /* Project object */;
			proxyType = 1;
			remoteGlobalIDString = D466F6D82AF92C98004AC986;
			remoteInfo = "Yokai Run";
		};
/* End PBXContainerItemProxy section */

/* Begin PBXFileReference section */
		D413544D2AFEC10900FD0A01 /* ColliderTypes.swift */ = {isa = PBXFileReference; lastKnownFileType = sourcecode.swift; path = ColliderTypes.swift; sourceTree = "<group>"; };
		D413544F2AFEC2A000FD0A01 /* PauseView.swift */ = {isa = PBXFileReference; lastKnownFileType = sourcecode.swift; path = PauseView.swift; sourceTree = "<group>"; };
		D41BC7092AFC13DD00263E83 /* ArchiveView.swift */ = {isa = PBXFileReference; lastKnownFileType = sourcecode.swift; path = ArchiveView.swift; sourceTree = "<group>"; };
		D41BC70B2AFC142800263E83 /* CreditView.swift */ = {isa = PBXFileReference; lastKnownFileType = sourcecode.swift; path = CreditView.swift; sourceTree = "<group>"; };
		D41BC70E2AFC152D00263E83 /* UIView+FindViewController.swift */ = {isa = PBXFileReference; lastKnownFileType = sourcecode.swift; path = "UIView+FindViewController.swift"; sourceTree = "<group>"; };
		D41BC7122AFC1A2C00263E83 /* MenuViewModel.swift */ = {isa = PBXFileReference; lastKnownFileType = sourcecode.swift; path = MenuViewModel.swift; sourceTree = "<group>"; };
		D41BC7142AFC1A5400263E83 /* CreditViewController.swift */ = {isa = PBXFileReference; lastKnownFileType = sourcecode.swift; path = CreditViewController.swift; sourceTree = "<group>"; };
		D41BC7162AFC1A6B00263E83 /* ArchiveViewController.swift */ = {isa = PBXFileReference; lastKnownFileType = sourcecode.swift; path = ArchiveViewController.swift; sourceTree = "<group>"; };
		D41BC71A2AFC219800263E83 /* GameViewController.swift */ = {isa = PBXFileReference; lastKnownFileType = sourcecode.swift; path = GameViewController.swift; sourceTree = "<group>"; };
		D41BC7212AFD5F8100263E83 /* GameScene.swift */ = {isa = PBXFileReference; lastKnownFileType = sourcecode.swift; path = GameScene.swift; sourceTree = "<group>"; };
		D41BC7232AFD6B4500263E83 /* Game.swift */ = {isa = PBXFileReference; lastKnownFileType = sourcecode.swift; path = Game.swift; sourceTree = "<group>"; };
		D41BC7252AFD6E0F00263E83 /* GameViewModel.swift */ = {isa = PBXFileReference; lastKnownFileType = sourcecode.swift; path = GameViewModel.swift; sourceTree = "<group>"; };
		D41BC72B2AFD6EAB00263E83 /* Skin.swift */ = {isa = PBXFileReference; lastKnownFileType = sourcecode.swift; path = Skin.swift; sourceTree = "<group>"; };
		D41BC7302AFE865700263E83 /* ContactDelegate.swift */ = {isa = PBXFileReference; lastKnownFileType = sourcecode.swift; path = ContactDelegate.swift; sourceTree = "<group>"; };
		D466F6D92AF92C99004AC986 /* Yokai Run.app */ = {isa = PBXFileReference; explicitFileType = wrapper.application; includeInIndex = 0; path = "Yokai Run.app"; sourceTree = BUILT_PRODUCTS_DIR; };
		D466F6DC2AF92C99004AC986 /* AppDelegate.swift */ = {isa = PBXFileReference; lastKnownFileType = sourcecode.swift; path = AppDelegate.swift; sourceTree = "<group>"; };
		D466F6DE2AF92C99004AC986 /* SceneDelegate.swift */ = {isa = PBXFileReference; lastKnownFileType = sourcecode.swift; path = SceneDelegate.swift; sourceTree = "<group>"; };
		D466F6E82AF92C9A004AC986 /* Assets.xcassets */ = {isa = PBXFileReference; lastKnownFileType = folder.assetcatalog; path = Assets.xcassets; sourceTree = "<group>"; };
		D466F6ED2AF92C9A004AC986 /* Info.plist */ = {isa = PBXFileReference; lastKnownFileType = text.plist.xml; path = Info.plist; sourceTree = "<group>"; };
		D466F6F22AF92C9A004AC986 /* Yokai RunTests.xctest */ = {isa = PBXFileReference; explicitFileType = wrapper.cfbundle; includeInIndex = 0; path = "Yokai RunTests.xctest"; sourceTree = BUILT_PRODUCTS_DIR; };
		D466F6F62AF92C9A004AC986 /* Yokai_RunTests.swift */ = {isa = PBXFileReference; lastKnownFileType = sourcecode.swift; path = Yokai_RunTests.swift; sourceTree = "<group>"; };
		D466F6FC2AF92C9A004AC986 /* Yokai RunUITests.xctest */ = {isa = PBXFileReference; explicitFileType = wrapper.cfbundle; includeInIndex = 0; path = "Yokai RunUITests.xctest"; sourceTree = BUILT_PRODUCTS_DIR; };
		D466F7002AF92C9A004AC986 /* Yokai_RunUITests.swift */ = {isa = PBXFileReference; lastKnownFileType = sourcecode.swift; path = Yokai_RunUITests.swift; sourceTree = "<group>"; };
		D466F7022AF92C9A004AC986 /* Yokai_RunUITestsLaunchTests.swift */ = {isa = PBXFileReference; lastKnownFileType = sourcecode.swift; path = Yokai_RunUITestsLaunchTests.swift; sourceTree = "<group>"; };
		D466F7112AFA9685004AC986 /* MenuView.swift */ = {isa = PBXFileReference; lastKnownFileType = sourcecode.swift; path = MenuView.swift; sourceTree = "<group>"; };
		D466F7142AFA9819004AC986 /* MenuViewController.swift */ = {isa = PBXFileReference; lastKnownFileType = sourcecode.swift; path = MenuViewController.swift; sourceTree = "<group>"; };
		D466F71A2AFAABC5004AC986 /* ButtonType.swift */ = {isa = PBXFileReference; lastKnownFileType = sourcecode.swift; path = ButtonType.swift; sourceTree = "<group>"; };
		D466F71C2AFAAF61004AC986 /* MainButtonComponent.swift */ = {isa = PBXFileReference; lastKnownFileType = sourcecode.swift; path = MainButtonComponent.swift; sourceTree = "<group>"; };
		D467972A2B0D2B6F00BAD8C4 /* GameComponentPlacement.swift */ = {isa = PBXFileReference; lastKnownFileType = sourcecode.swift; path = GameComponentPlacement.swift; sourceTree = "<group>"; };
		D467972C2B0D2C5F00BAD8C4 /* GameScene+Collectibles.swift */ = {isa = PBXFileReference; lastKnownFileType = sourcecode.swift; path = "GameScene+Collectibles.swift"; sourceTree = "<group>"; };
		D467973C2B0D3DEF00BAD8C4 /* UserDefaultsManager.swift */ = {isa = PBXFileReference; lastKnownFileType = sourcecode.swift; path = UserDefaultsManager.swift; sourceTree = "<group>"; };
		D4745F752B0EA13D00A2FB5C /* LockedSkinView.swift */ = {isa = PBXFileReference; lastKnownFileType = sourcecode.swift; path = LockedSkinView.swift; sourceTree = "<group>"; };
		D4745F772B0EA22D00A2FB5C /* NavigationManager.swift */ = {isa = PBXFileReference; lastKnownFileType = sourcecode.swift; path = NavigationManager.swift; sourceTree = "<group>"; };
		D4FEF82E2B0250AC007F95B2 /* Neo-Tech.otf */ = {isa = PBXFileReference; lastKnownFileType = file; path = "Neo-Tech.otf"; sourceTree = "<group>"; };
		D4FEF8302B02515D007F95B2 /* MinimalButtonComponent.swift */ = {isa = PBXFileReference; lastKnownFileType = sourcecode.swift; path = MinimalButtonComponent.swift; sourceTree = "<group>"; };
		D4FEF8322B02989D007F95B2 /* GameScene+Touches.swift */ = {isa = PBXFileReference; lastKnownFileType = sourcecode.swift; path = "GameScene+Touches.swift"; sourceTree = "<group>"; };
		D4FEF8342B029962007F95B2 /* GameScene+Hero.swift */ = {isa = PBXFileReference; lastKnownFileType = sourcecode.swift; path = "GameScene+Hero.swift"; sourceTree = "<group>"; };
		D4FEF8362B029993007F95B2 /* GameScene+Grounds.swift */ = {isa = PBXFileReference; lastKnownFileType = sourcecode.swift; path = "GameScene+Grounds.swift"; sourceTree = "<group>"; };
		D4FEF8382B029A91007F95B2 /* GameScene+GUI.swift */ = {isa = PBXFileReference; lastKnownFileType = sourcecode.swift; path = "GameScene+GUI.swift"; sourceTree = "<group>"; };
		D4FEF83C2B03E5E4007F95B2 /* CycleDelegate.swift */ = {isa = PBXFileReference; lastKnownFileType = sourcecode.swift; path = CycleDelegate.swift; sourceTree = "<group>"; };
		D4FEF83E2B03E828007F95B2 /* GameScene+Obstacles.swift */ = {isa = PBXFileReference; lastKnownFileType = sourcecode.swift; path = "GameScene+Obstacles.swift"; sourceTree = "<group>"; };
		D4FEF8442B065EAF007F95B2 /* GameOverScene.swift */ = {isa = PBXFileReference; lastKnownFileType = sourcecode.swift; path = GameOverScene.swift; sourceTree = "<group>"; };
		D4FEF8462B06837A007F95B2 /* GameScene+Platforms.swift */ = {isa = PBXFileReference; lastKnownFileType = sourcecode.swift; path = "GameScene+Platforms.swift"; sourceTree = "<group>"; };
/* End PBXFileReference section */

/* Begin PBXFrameworksBuildPhase section */
		D466F6D62AF92C98004AC986 /* Frameworks */ = {
			isa = PBXFrameworksBuildPhase;
			buildActionMask = 2147483647;
			files = (
			);
			runOnlyForDeploymentPostprocessing = 0;
		};
		D466F6EF2AF92C9A004AC986 /* Frameworks */ = {
			isa = PBXFrameworksBuildPhase;
			buildActionMask = 2147483647;
			files = (
			);
			runOnlyForDeploymentPostprocessing = 0;
		};
		D466F6F92AF92C9A004AC986 /* Frameworks */ = {
			isa = PBXFrameworksBuildPhase;
			buildActionMask = 2147483647;
			files = (
			);
			runOnlyForDeploymentPostprocessing = 0;
		};
/* End PBXFrameworksBuildPhase section */

/* Begin PBXGroup section */
		D41BC70D2AFC148800263E83 /* Extensions */ = {
			isa = PBXGroup;
			children = (
				D41BC70E2AFC152D00263E83 /* UIView+FindViewController.swift */,
			);
			path = Extensions;
			sourceTree = "<group>";
		};
		D41BC7112AFC164700263E83 /* Models */ = {
			isa = PBXGroup;
			children = (
				D413544D2AFEC10900FD0A01 /* ColliderTypes.swift */,
				D41BC72B2AFD6EAB00263E83 /* Skin.swift */,
				D41BC7232AFD6B4500263E83 /* Game.swift */,
			);
			path = Models;
			sourceTree = "<group>";
		};
		D41BC71E2AFC21A700263E83 /* Modals */ = {
			isa = PBXGroup;
			children = (
				D413544F2AFEC2A000FD0A01 /* PauseView.swift */,
				D4745F752B0EA13D00A2FB5C /* LockedSkinView.swift */,
			);
			path = Modals;
			sourceTree = "<group>";
		};
		D41BC71F2AFD5F5100263E83 /* Controllers */ = {
			isa = PBXGroup;
			children = (
				D466F7142AFA9819004AC986 /* MenuViewController.swift */,
				D41BC7162AFC1A6B00263E83 /* ArchiveViewController.swift */,
				D41BC7142AFC1A5400263E83 /* CreditViewController.swift */,
			);
			path = Controllers;
			sourceTree = "<group>";
		};
		D41BC7202AFD5F6400263E83 /* Game */ = {
			isa = PBXGroup;
			children = (
				D41BC7212AFD5F8100263E83 /* GameScene.swift */,
				D4FEF8442B065EAF007F95B2 /* GameOverScene.swift */,
				D467972A2B0D2B6F00BAD8C4 /* GameComponentPlacement.swift */,
				D4FEF8382B029A91007F95B2 /* GameScene+GUI.swift */,
				D4FEF8342B029962007F95B2 /* GameScene+Hero.swift */,
				D4FEF8322B02989D007F95B2 /* GameScene+Touches.swift */,
				D4FEF8362B029993007F95B2 /* GameScene+Grounds.swift */,
				D4FEF83E2B03E828007F95B2 /* GameScene+Obstacles.swift */,
				D467972C2B0D2C5F00BAD8C4 /* GameScene+Collectibles.swift */,
				D4FEF8462B06837A007F95B2 /* GameScene+Platforms.swift */,
				D4FEF8402B03EF41007F95B2 /* Delegates */,
				D4FEF8412B03EF4C007F95B2 /* ViewControl */,
			);
			path = Game;
			sourceTree = "<group>";
		};
		D466F6D02AF92C98004AC986 = {
			isa = PBXGroup;
			children = (
				D466F6DB2AF92C99004AC986 /* Yokai Run */,
				D466F6F52AF92C9A004AC986 /* Yokai RunTests */,
				D466F6FF2AF92C9A004AC986 /* Yokai RunUITests */,
				D466F6DA2AF92C99004AC986 /* Products */,
			);
			sourceTree = "<group>";
		};
		D466F6DA2AF92C99004AC986 /* Products */ = {
			isa = PBXGroup;
			children = (
				D466F6D92AF92C99004AC986 /* Yokai Run.app */,
				D466F6F22AF92C9A004AC986 /* Yokai RunTests.xctest */,
				D466F6FC2AF92C9A004AC986 /* Yokai RunUITests.xctest */,
			);
			name = Products;
			sourceTree = "<group>";
		};
		D466F6DB2AF92C99004AC986 /* Yokai Run */ = {
			isa = PBXGroup;
			children = (
				D467973C2B0D3DEF00BAD8C4 /* UserDefaultsManager.swift */,
				D4745F772B0EA22D00A2FB5C /* NavigationManager.swift */,
				D4FEF82B2B024D54007F95B2 /* Assets */,
				D41BC7202AFD5F6400263E83 /* Game */,
				D466F7132AFA9689004AC986 /* Views */,
				D41BC7112AFC164700263E83 /* Models */,
				D466F7162AFA9827004AC986 /* ViewModels */,
				D41BC70D2AFC148800263E83 /* Extensions */,
				D466F6DC2AF92C99004AC986 /* AppDelegate.swift */,
				D466F6DE2AF92C99004AC986 /* SceneDelegate.swift */,
				D466F6ED2AF92C9A004AC986 /* Info.plist */,
			);
			path = "Yokai Run";
			sourceTree = "<group>";
		};
		D466F6F52AF92C9A004AC986 /* Yokai RunTests */ = {
			isa = PBXGroup;
			children = (
				D466F6F62AF92C9A004AC986 /* Yokai_RunTests.swift */,
			);
			path = "Yokai RunTests";
			sourceTree = "<group>";
		};
		D466F6FF2AF92C9A004AC986 /* Yokai RunUITests */ = {
			isa = PBXGroup;
			children = (
				D466F7002AF92C9A004AC986 /* Yokai_RunUITests.swift */,
				D466F7022AF92C9A004AC986 /* Yokai_RunUITestsLaunchTests.swift */,
			);
			path = "Yokai RunUITests";
			sourceTree = "<group>";
		};
		D466F7132AFA9689004AC986 /* Views */ = {
			isa = PBXGroup;
			children = (
				D41BC71E2AFC21A700263E83 /* Modals */,
				D466F7112AFA9685004AC986 /* MenuView.swift */,
				D41BC7092AFC13DD00263E83 /* ArchiveView.swift */,
				D41BC70B2AFC142800263E83 /* CreditView.swift */,
				D41BC71F2AFD5F5100263E83 /* Controllers */,
				D466F7182AFAABA2004AC986 /* Components */,
			);
			path = Views;
			sourceTree = "<group>";
		};
		D466F7162AFA9827004AC986 /* ViewModels */ = {
			isa = PBXGroup;
			children = (
				D41BC7122AFC1A2C00263E83 /* MenuViewModel.swift */,
			);
			path = ViewModels;
			sourceTree = "<group>";
		};
		D466F7182AFAABA2004AC986 /* Components */ = {
			isa = PBXGroup;
			children = (
				D466F7192AFAABB7004AC986 /* Buttons */,
			);
			path = Components;
			sourceTree = "<group>";
		};
		D466F7192AFAABB7004AC986 /* Buttons */ = {
			isa = PBXGroup;
			children = (
				D466F71A2AFAABC5004AC986 /* ButtonType.swift */,
				D466F71C2AFAAF61004AC986 /* MainButtonComponent.swift */,
				D4FEF8302B02515D007F95B2 /* MinimalButtonComponent.swift */,
			);
			path = Buttons;
			sourceTree = "<group>";
		};
		D4FEF82B2B024D54007F95B2 /* Assets */ = {
			isa = PBXGroup;
			children = (
				D466F6E82AF92C9A004AC986 /* Assets.xcassets */,
				D4FEF82E2B0250AC007F95B2 /* Neo-Tech.otf */,
			);
			path = Assets;
			sourceTree = "<group>";
		};
		D4FEF8402B03EF41007F95B2 /* Delegates */ = {
			isa = PBXGroup;
			children = (
				D41BC7302AFE865700263E83 /* ContactDelegate.swift */,
				D4FEF83C2B03E5E4007F95B2 /* CycleDelegate.swift */,
			);
			path = Delegates;
			sourceTree = "<group>";
		};
		D4FEF8412B03EF4C007F95B2 /* ViewControl */ = {
			isa = PBXGroup;
			children = (
				D41BC7252AFD6E0F00263E83 /* GameViewModel.swift */,
				D41BC71A2AFC219800263E83 /* GameViewController.swift */,
			);
			path = ViewControl;
			sourceTree = "<group>";
		};
/* End PBXGroup section */

/* Begin PBXNativeTarget section */
		D466F6D82AF92C98004AC986 /* Yokai Run */ = {
			isa = PBXNativeTarget;
			buildConfigurationList = D466F7062AF92C9A004AC986 /* Build configuration list for PBXNativeTarget "Yokai Run" */;
			buildPhases = (
				D466F6D52AF92C98004AC986 /* Sources */,
				D466F6D62AF92C98004AC986 /* Frameworks */,
				D466F6D72AF92C98004AC986 /* Resources */,
			);
			buildRules = (
			);
			dependencies = (
			);
			name = "Yokai Run";
			productName = "Yokai Run";
			productReference = D466F6D92AF92C99004AC986 /* Yokai Run.app */;
			productType = "com.apple.product-type.application";
		};
		D466F6F12AF92C9A004AC986 /* Yokai RunTests */ = {
			isa = PBXNativeTarget;
			buildConfigurationList = D466F7092AF92C9A004AC986 /* Build configuration list for PBXNativeTarget "Yokai RunTests" */;
			buildPhases = (
				D466F6EE2AF92C9A004AC986 /* Sources */,
				D466F6EF2AF92C9A004AC986 /* Frameworks */,
				D466F6F02AF92C9A004AC986 /* Resources */,
			);
			buildRules = (
			);
			dependencies = (
				D466F6F42AF92C9A004AC986 /* PBXTargetDependency */,
			);
			name = "Yokai RunTests";
			productName = "Yokai RunTests";
			productReference = D466F6F22AF92C9A004AC986 /* Yokai RunTests.xctest */;
			productType = "com.apple.product-type.bundle.unit-test";
		};
		D466F6FB2AF92C9A004AC986 /* Yokai RunUITests */ = {
			isa = PBXNativeTarget;
			buildConfigurationList = D466F70C2AF92C9A004AC986 /* Build configuration list for PBXNativeTarget "Yokai RunUITests" */;
			buildPhases = (
				D466F6F82AF92C9A004AC986 /* Sources */,
				D466F6F92AF92C9A004AC986 /* Frameworks */,
				D466F6FA2AF92C9A004AC986 /* Resources */,
			);
			buildRules = (
			);
			dependencies = (
				D466F6FE2AF92C9A004AC986 /* PBXTargetDependency */,
			);
			name = "Yokai RunUITests";
			productName = "Yokai RunUITests";
			productReference = D466F6FC2AF92C9A004AC986 /* Yokai RunUITests.xctest */;
			productType = "com.apple.product-type.bundle.ui-testing";
		};
/* End PBXNativeTarget section */

/* Begin PBXProject section */
		D466F6D12AF92C98004AC986 /* Project object */ = {
			isa = PBXProject;
			attributes = {
				BuildIndependentTargetsInParallel = 1;
				LastSwiftUpdateCheck = 1430;
				LastUpgradeCheck = 1430;
				TargetAttributes = {
					D466F6D82AF92C98004AC986 = {
						CreatedOnToolsVersion = 14.3.1;
					};
					D466F6F12AF92C9A004AC986 = {
						CreatedOnToolsVersion = 14.3.1;
						TestTargetID = D466F6D82AF92C98004AC986;
					};
					D466F6FB2AF92C9A004AC986 = {
						CreatedOnToolsVersion = 14.3.1;
						TestTargetID = D466F6D82AF92C98004AC986;
					};
				};
			};
			buildConfigurationList = D466F6D42AF92C98004AC986 /* Build configuration list for PBXProject "Yokai Run" */;
			compatibilityVersion = "Xcode 14.0";
			developmentRegion = en;
			hasScannedForEncodings = 0;
			knownRegions = (
				en,
				Base,
			);
			mainGroup = D466F6D02AF92C98004AC986;
			productRefGroup = D466F6DA2AF92C99004AC986 /* Products */;
			projectDirPath = "";
			projectRoot = "";
			targets = (
				D466F6D82AF92C98004AC986 /* Yokai Run */,
				D466F6F12AF92C9A004AC986 /* Yokai RunTests */,
				D466F6FB2AF92C9A004AC986 /* Yokai RunUITests */,
			);
		};
/* End PBXProject section */

/* Begin PBXResourcesBuildPhase section */
		D466F6D72AF92C98004AC986 /* Resources */ = {
			isa = PBXResourcesBuildPhase;
			buildActionMask = 2147483647;
			files = (
				D466F6E92AF92C9A004AC986 /* Assets.xcassets in Resources */,
				D4FEF82F2B0250AC007F95B2 /* Neo-Tech.otf in Resources */,
			);
			runOnlyForDeploymentPostprocessing = 0;
		};
		D466F6F02AF92C9A004AC986 /* Resources */ = {
			isa = PBXResourcesBuildPhase;
			buildActionMask = 2147483647;
			files = (
				D4FEF83A2B02A772007F95B2 /* Neo-Tech.otf in Resources */,
			);
			runOnlyForDeploymentPostprocessing = 0;
		};
		D466F6FA2AF92C9A004AC986 /* Resources */ = {
			isa = PBXResourcesBuildPhase;
			buildActionMask = 2147483647;
			files = (
				D4FEF83B2B02A773007F95B2 /* Neo-Tech.otf in Resources */,
			);
			runOnlyForDeploymentPostprocessing = 0;
		};
/* End PBXResourcesBuildPhase section */

/* Begin PBXSourcesBuildPhase section */
		D466F6D52AF92C98004AC986 /* Sources */ = {
			isa = PBXSourcesBuildPhase;
			buildActionMask = 2147483647;
			files = (
				D41BC7222AFD5F8100263E83 /* GameScene.swift in Sources */,
				D4FEF8372B029993007F95B2 /* GameScene+Grounds.swift in Sources */,
				D467973D2B0D3DEF00BAD8C4 /* UserDefaultsManager.swift in Sources */,
				D4745F762B0EA13D00A2FB5C /* LockedSkinView.swift in Sources */,
				D466F7122AFA9685004AC986 /* MenuView.swift in Sources */,
				D466F71B2AFAABC5004AC986 /* ButtonType.swift in Sources */,
				D4FEF8392B029A91007F95B2 /* GameScene+GUI.swift in Sources */,
				D466F7152AFA9819004AC986 /* MenuViewController.swift in Sources */,
				D41BC7262AFD6E0F00263E83 /* GameViewModel.swift in Sources */,
				D41BC7312AFE865700263E83 /* ContactDelegate.swift in Sources */,
				D41BC7132AFC1A2C00263E83 /* MenuViewModel.swift in Sources */,
				D4745F782B0EA22D00A2FB5C /* NavigationManager.swift in Sources */,
				D467972D2B0D2C5F00BAD8C4 /* GameScene+Collectibles.swift in Sources */,
				D4FEF83F2B03E828007F95B2 /* GameScene+Obstacles.swift in Sources */,
				D4FEF8452B065EAF007F95B2 /* GameOverScene.swift in Sources */,
				D41BC7242AFD6B4500263E83 /* Game.swift in Sources */,
				D41BC71B2AFC219800263E83 /* GameViewController.swift in Sources */,
				D4FEF8352B029962007F95B2 /* GameScene+Hero.swift in Sources */,
				D413544E2AFEC10900FD0A01 /* ColliderTypes.swift in Sources */,
				D41BC70F2AFC152D00263E83 /* UIView+FindViewController.swift in Sources */,
				D41354502AFEC2A000FD0A01 /* PauseView.swift in Sources */,
				D4FEF8312B02515D007F95B2 /* MinimalButtonComponent.swift in Sources */,
				D466F6DD2AF92C99004AC986 /* AppDelegate.swift in Sources */,
				D466F6DF2AF92C99004AC986 /* SceneDelegate.swift in Sources */,
				D41BC7172AFC1A6B00263E83 /* ArchiveViewController.swift in Sources */,
				D4FEF8332B02989D007F95B2 /* GameScene+Touches.swift in Sources */,
				D41BC70A2AFC13DD00263E83 /* ArchiveView.swift in Sources */,
				D4FEF8472B06837A007F95B2 /* GameScene+Platforms.swift in Sources */,
				D466F71D2AFAAF61004AC986 /* MainButtonComponent.swift in Sources */,
				D41BC70C2AFC142800263E83 /* CreditView.swift in Sources */,
				D41BC72C2AFD6EAB00263E83 /* Skin.swift in Sources */,
				D467972B2B0D2B6F00BAD8C4 /* GameComponentPlacement.swift in Sources */,
				D4FEF83D2B03E5E4007F95B2 /* CycleDelegate.swift in Sources */,
				D41BC7152AFC1A5400263E83 /* CreditViewController.swift in Sources */,
			);
			runOnlyForDeploymentPostprocessing = 0;
		};
		D466F6EE2AF92C9A004AC986 /* Sources */ = {
			isa = PBXSourcesBuildPhase;
			buildActionMask = 2147483647;
			files = (
				D466F6F72AF92C9A004AC986 /* Yokai_RunTests.swift in Sources */,
			);
			runOnlyForDeploymentPostprocessing = 0;
		};
		D466F6F82AF92C9A004AC986 /* Sources */ = {
			isa = PBXSourcesBuildPhase;
			buildActionMask = 2147483647;
			files = (
				D466F7032AF92C9A004AC986 /* Yokai_RunUITestsLaunchTests.swift in Sources */,
				D466F7012AF92C9A004AC986 /* Yokai_RunUITests.swift in Sources */,
			);
			runOnlyForDeploymentPostprocessing = 0;
		};
/* End PBXSourcesBuildPhase section */

/* Begin PBXTargetDependency section */
		D466F6F42AF92C9A004AC986 /* PBXTargetDependency */ = {
			isa = PBXTargetDependency;
			target = D466F6D82AF92C98004AC986 /* Yokai Run */;
			targetProxy = D466F6F32AF92C9A004AC986 /* PBXContainerItemProxy */;
		};
		D466F6FE2AF92C9A004AC986 /* PBXTargetDependency */ = {
			isa = PBXTargetDependency;
			target = D466F6D82AF92C98004AC986 /* Yokai Run */;
			targetProxy = D466F6FD2AF92C9A004AC986 /* PBXContainerItemProxy */;
		};
/* End PBXTargetDependency section */

/* Begin XCBuildConfiguration section */
		D466F7042AF92C9A004AC986 /* Debug */ = {
			isa = XCBuildConfiguration;
			buildSettings = {
				ALWAYS_SEARCH_USER_PATHS = NO;
				CLANG_ANALYZER_NONNULL = YES;
				CLANG_ANALYZER_NUMBER_OBJECT_CONVERSION = YES_AGGRESSIVE;
				CLANG_CXX_LANGUAGE_STANDARD = "gnu++20";
				CLANG_ENABLE_MODULES = YES;
				CLANG_ENABLE_OBJC_ARC = YES;
				CLANG_ENABLE_OBJC_WEAK = YES;
				CLANG_WARN_BLOCK_CAPTURE_AUTORELEASING = YES;
				CLANG_WARN_BOOL_CONVERSION = YES;
				CLANG_WARN_COMMA = YES;
				CLANG_WARN_CONSTANT_CONVERSION = YES;
				CLANG_WARN_DEPRECATED_OBJC_IMPLEMENTATIONS = YES;
				CLANG_WARN_DIRECT_OBJC_ISA_USAGE = YES_ERROR;
				CLANG_WARN_DOCUMENTATION_COMMENTS = YES;
				CLANG_WARN_EMPTY_BODY = YES;
				CLANG_WARN_ENUM_CONVERSION = YES;
				CLANG_WARN_INFINITE_RECURSION = YES;
				CLANG_WARN_INT_CONVERSION = YES;
				CLANG_WARN_NON_LITERAL_NULL_CONVERSION = YES;
				CLANG_WARN_OBJC_IMPLICIT_RETAIN_SELF = YES;
				CLANG_WARN_OBJC_LITERAL_CONVERSION = YES;
				CLANG_WARN_OBJC_ROOT_CLASS = YES_ERROR;
				CLANG_WARN_QUOTED_INCLUDE_IN_FRAMEWORK_HEADER = YES;
				CLANG_WARN_RANGE_LOOP_ANALYSIS = YES;
				CLANG_WARN_STRICT_PROTOTYPES = YES;
				CLANG_WARN_SUSPICIOUS_MOVE = YES;
				CLANG_WARN_UNGUARDED_AVAILABILITY = YES_AGGRESSIVE;
				CLANG_WARN_UNREACHABLE_CODE = YES;
				CLANG_WARN__DUPLICATE_METHOD_MATCH = YES;
				COPY_PHASE_STRIP = NO;
				DEBUG_INFORMATION_FORMAT = dwarf;
				ENABLE_STRICT_OBJC_MSGSEND = YES;
				ENABLE_TESTABILITY = YES;
				GCC_C_LANGUAGE_STANDARD = gnu11;
				GCC_DYNAMIC_NO_PIC = NO;
				GCC_NO_COMMON_BLOCKS = YES;
				GCC_OPTIMIZATION_LEVEL = 0;
				GCC_PREPROCESSOR_DEFINITIONS = (
					"DEBUG=1",
					"$(inherited)",
				);
				GCC_WARN_64_TO_32_BIT_CONVERSION = YES;
				GCC_WARN_ABOUT_RETURN_TYPE = YES_ERROR;
				GCC_WARN_UNDECLARED_SELECTOR = YES;
				GCC_WARN_UNINITIALIZED_AUTOS = YES_AGGRESSIVE;
				GCC_WARN_UNUSED_FUNCTION = YES;
				GCC_WARN_UNUSED_VARIABLE = YES;
				IPHONEOS_DEPLOYMENT_TARGET = 16.4;
				MTL_ENABLE_DEBUG_INFO = INCLUDE_SOURCE;
				MTL_FAST_MATH = YES;
				ONLY_ACTIVE_ARCH = YES;
				SDKROOT = iphoneos;
				SWIFT_ACTIVE_COMPILATION_CONDITIONS = DEBUG;
				SWIFT_OPTIMIZATION_LEVEL = "-Onone";
			};
			name = Debug;
		};
		D466F7052AF92C9A004AC986 /* Release */ = {
			isa = XCBuildConfiguration;
			buildSettings = {
				ALWAYS_SEARCH_USER_PATHS = NO;
				CLANG_ANALYZER_NONNULL = YES;
				CLANG_ANALYZER_NUMBER_OBJECT_CONVERSION = YES_AGGRESSIVE;
				CLANG_CXX_LANGUAGE_STANDARD = "gnu++20";
				CLANG_ENABLE_MODULES = YES;
				CLANG_ENABLE_OBJC_ARC = YES;
				CLANG_ENABLE_OBJC_WEAK = YES;
				CLANG_WARN_BLOCK_CAPTURE_AUTORELEASING = YES;
				CLANG_WARN_BOOL_CONVERSION = YES;
				CLANG_WARN_COMMA = YES;
				CLANG_WARN_CONSTANT_CONVERSION = YES;
				CLANG_WARN_DEPRECATED_OBJC_IMPLEMENTATIONS = YES;
				CLANG_WARN_DIRECT_OBJC_ISA_USAGE = YES_ERROR;
				CLANG_WARN_DOCUMENTATION_COMMENTS = YES;
				CLANG_WARN_EMPTY_BODY = YES;
				CLANG_WARN_ENUM_CONVERSION = YES;
				CLANG_WARN_INFINITE_RECURSION = YES;
				CLANG_WARN_INT_CONVERSION = YES;
				CLANG_WARN_NON_LITERAL_NULL_CONVERSION = YES;
				CLANG_WARN_OBJC_IMPLICIT_RETAIN_SELF = YES;
				CLANG_WARN_OBJC_LITERAL_CONVERSION = YES;
				CLANG_WARN_OBJC_ROOT_CLASS = YES_ERROR;
				CLANG_WARN_QUOTED_INCLUDE_IN_FRAMEWORK_HEADER = YES;
				CLANG_WARN_RANGE_LOOP_ANALYSIS = YES;
				CLANG_WARN_STRICT_PROTOTYPES = YES;
				CLANG_WARN_SUSPICIOUS_MOVE = YES;
				CLANG_WARN_UNGUARDED_AVAILABILITY = YES_AGGRESSIVE;
				CLANG_WARN_UNREACHABLE_CODE = YES;
				CLANG_WARN__DUPLICATE_METHOD_MATCH = YES;
				COPY_PHASE_STRIP = NO;
				DEBUG_INFORMATION_FORMAT = "dwarf-with-dsym";
				ENABLE_NS_ASSERTIONS = NO;
				ENABLE_STRICT_OBJC_MSGSEND = YES;
				GCC_C_LANGUAGE_STANDARD = gnu11;
				GCC_NO_COMMON_BLOCKS = YES;
				GCC_WARN_64_TO_32_BIT_CONVERSION = YES;
				GCC_WARN_ABOUT_RETURN_TYPE = YES_ERROR;
				GCC_WARN_UNDECLARED_SELECTOR = YES;
				GCC_WARN_UNINITIALIZED_AUTOS = YES_AGGRESSIVE;
				GCC_WARN_UNUSED_FUNCTION = YES;
				GCC_WARN_UNUSED_VARIABLE = YES;
				IPHONEOS_DEPLOYMENT_TARGET = 16.4;
				MTL_ENABLE_DEBUG_INFO = NO;
				MTL_FAST_MATH = YES;
				SDKROOT = iphoneos;
				SWIFT_COMPILATION_MODE = wholemodule;
				SWIFT_OPTIMIZATION_LEVEL = "-O";
				VALIDATE_PRODUCT = YES;
			};
			name = Release;
		};
		D466F7072AF92C9A004AC986 /* Debug */ = {
			isa = XCBuildConfiguration;
			buildSettings = {
				ASSETCATALOG_COMPILER_GLOBAL_ACCENT_COLOR_NAME = AccentColor;
				CODE_SIGN_STYLE = Automatic;
				CURRENT_PROJECT_VERSION = 1;
				DEVELOPMENT_TEAM = Y8H4LWMZZ8;
				GENERATE_INFOPLIST_FILE = YES;
				INFOPLIST_FILE = "Yokai Run/Info.plist";
				INFOPLIST_KEY_UIApplicationSupportsIndirectInputEvents = YES;
				INFOPLIST_KEY_UILaunchStoryboardName = LaunchScreen;
				INFOPLIST_KEY_UISupportedInterfaceOrientations = "UIInterfaceOrientationLandscapeLeft UIInterfaceOrientationLandscapeRight";
				LD_RUNPATH_SEARCH_PATHS = (
					"$(inherited)",
					"@executable_path/Frameworks",
				);
				MARKETING_VERSION = 1.0;
				PRODUCT_BUNDLE_IDENTIFIER = "biAda.Yokai-Run";
				PRODUCT_NAME = "$(TARGET_NAME)";
				SWIFT_EMIT_LOC_STRINGS = YES;
				SWIFT_VERSION = 5.0;
				TARGETED_DEVICE_FAMILY = "1,2";
			};
			name = Debug;
		};
		D466F7082AF92C9A004AC986 /* Release */ = {
			isa = XCBuildConfiguration;
			buildSettings = {
				ASSETCATALOG_COMPILER_GLOBAL_ACCENT_COLOR_NAME = AccentColor;
				CODE_SIGN_STYLE = Automatic;
				CURRENT_PROJECT_VERSION = 1;
				DEVELOPMENT_TEAM = Y8H4LWMZZ8;
				GENERATE_INFOPLIST_FILE = YES;
				INFOPLIST_FILE = "Yokai Run/Info.plist";
				INFOPLIST_KEY_UIApplicationSupportsIndirectInputEvents = YES;
				INFOPLIST_KEY_UILaunchStoryboardName = LaunchScreen;
				INFOPLIST_KEY_UISupportedInterfaceOrientations = "UIInterfaceOrientationLandscapeLeft UIInterfaceOrientationLandscapeRight";
				LD_RUNPATH_SEARCH_PATHS = (
					"$(inherited)",
					"@executable_path/Frameworks",
				);
				MARKETING_VERSION = 1.0;
				PRODUCT_BUNDLE_IDENTIFIER = "biAda.Yokai-Run";
				PRODUCT_NAME = "$(TARGET_NAME)";
				SWIFT_EMIT_LOC_STRINGS = YES;
				SWIFT_VERSION = 5.0;
				TARGETED_DEVICE_FAMILY = "1,2";
			};
			name = Release;
		};
		D466F70A2AF92C9A004AC986 /* Debug */ = {
			isa = XCBuildConfiguration;
			buildSettings = {
				ALWAYS_EMBED_SWIFT_STANDARD_LIBRARIES = YES;
				BUNDLE_LOADER = "$(TEST_HOST)";
				CODE_SIGN_STYLE = Automatic;
				CURRENT_PROJECT_VERSION = 1;
				DEVELOPMENT_TEAM = Y8H4LWMZZ8;
				GENERATE_INFOPLIST_FILE = YES;
				IPHONEOS_DEPLOYMENT_TARGET = 16.4;
				MARKETING_VERSION = 1.0;
				PRODUCT_BUNDLE_IDENTIFIER = "biAda.Yokai-RunTests";
				PRODUCT_NAME = "$(TARGET_NAME)";
				SWIFT_EMIT_LOC_STRINGS = NO;
				SWIFT_VERSION = 5.0;
				TARGETED_DEVICE_FAMILY = "1,2";
				TEST_HOST = "$(BUILT_PRODUCTS_DIR)/Yokai Run.app/$(BUNDLE_EXECUTABLE_FOLDER_PATH)/Yokai Run";
			};
			name = Debug;
		};
		D466F70B2AF92C9A004AC986 /* Release */ = {
			isa = XCBuildConfiguration;
			buildSettings = {
				ALWAYS_EMBED_SWIFT_STANDARD_LIBRARIES = YES;
				BUNDLE_LOADER = "$(TEST_HOST)";
				CODE_SIGN_STYLE = Automatic;
				CURRENT_PROJECT_VERSION = 1;
				DEVELOPMENT_TEAM = Y8H4LWMZZ8;
				GENERATE_INFOPLIST_FILE = YES;
				IPHONEOS_DEPLOYMENT_TARGET = 16.4;
				MARKETING_VERSION = 1.0;
				PRODUCT_BUNDLE_IDENTIFIER = "biAda.Yokai-RunTests";
				PRODUCT_NAME = "$(TARGET_NAME)";
				SWIFT_EMIT_LOC_STRINGS = NO;
				SWIFT_VERSION = 5.0;
				TARGETED_DEVICE_FAMILY = "1,2";
				TEST_HOST = "$(BUILT_PRODUCTS_DIR)/Yokai Run.app/$(BUNDLE_EXECUTABLE_FOLDER_PATH)/Yokai Run";
			};
			name = Release;
		};
		D466F70D2AF92C9A004AC986 /* Debug */ = {
			isa = XCBuildConfiguration;
			buildSettings = {
				ALWAYS_EMBED_SWIFT_STANDARD_LIBRARIES = YES;
				CODE_SIGN_STYLE = Automatic;
				CURRENT_PROJECT_VERSION = 1;
				DEVELOPMENT_TEAM = Y8H4LWMZZ8;
				GENERATE_INFOPLIST_FILE = YES;
				MARKETING_VERSION = 1.0;
				PRODUCT_BUNDLE_IDENTIFIER = "biAda.Yokai-RunUITests";
				PRODUCT_NAME = "$(TARGET_NAME)";
				SWIFT_EMIT_LOC_STRINGS = NO;
				SWIFT_VERSION = 5.0;
				TARGETED_DEVICE_FAMILY = "1,2";
				TEST_TARGET_NAME = "Yokai Run";
			};
			name = Debug;
		};
		D466F70E2AF92C9A004AC986 /* Release */ = {
			isa = XCBuildConfiguration;
			buildSettings = {
				ALWAYS_EMBED_SWIFT_STANDARD_LIBRARIES = YES;
				CODE_SIGN_STYLE = Automatic;
				CURRENT_PROJECT_VERSION = 1;
				DEVELOPMENT_TEAM = Y8H4LWMZZ8;
				GENERATE_INFOPLIST_FILE = YES;
				MARKETING_VERSION = 1.0;
				PRODUCT_BUNDLE_IDENTIFIER = "biAda.Yokai-RunUITests";
				PRODUCT_NAME = "$(TARGET_NAME)";
				SWIFT_EMIT_LOC_STRINGS = NO;
				SWIFT_VERSION = 5.0;
				TARGETED_DEVICE_FAMILY = "1,2";
				TEST_TARGET_NAME = "Yokai Run";
			};
			name = Release;
		};
/* End XCBuildConfiguration section */

/* Begin XCConfigurationList section */
		D466F6D42AF92C98004AC986 /* Build configuration list for PBXProject "Yokai Run" */ = {
			isa = XCConfigurationList;
			buildConfigurations = (
				D466F7042AF92C9A004AC986 /* Debug */,
				D466F7052AF92C9A004AC986 /* Release */,
			);
			defaultConfigurationIsVisible = 0;
			defaultConfigurationName = Release;
		};
		D466F7062AF92C9A004AC986 /* Build configuration list for PBXNativeTarget "Yokai Run" */ = {
			isa = XCConfigurationList;
			buildConfigurations = (
				D466F7072AF92C9A004AC986 /* Debug */,
				D466F7082AF92C9A004AC986 /* Release */,
			);
			defaultConfigurationIsVisible = 0;
			defaultConfigurationName = Release;
		};
		D466F7092AF92C9A004AC986 /* Build configuration list for PBXNativeTarget "Yokai RunTests" */ = {
			isa = XCConfigurationList;
			buildConfigurations = (
				D466F70A2AF92C9A004AC986 /* Debug */,
				D466F70B2AF92C9A004AC986 /* Release */,
			);
			defaultConfigurationIsVisible = 0;
			defaultConfigurationName = Release;
		};
		D466F70C2AF92C9A004AC986 /* Build configuration list for PBXNativeTarget "Yokai RunUITests" */ = {
			isa = XCConfigurationList;
			buildConfigurations = (
				D466F70D2AF92C9A004AC986 /* Debug */,
				D466F70E2AF92C9A004AC986 /* Release */,
			);
			defaultConfigurationIsVisible = 0;
			defaultConfigurationName = Release;
		};
/* End XCConfigurationList section */
	};
	rootObject = D466F6D12AF92C98004AC986 /* Project object */;
}
